
Microsoft Visual Studio Solution File, Format Version 12.00
# Visual Studio Version 17
VisualStudioVersion = 17.3.32901.215
MinimumVisualStudioVersion = 10.0.40219.1
Project("{FAE04EC0-301F-11D3-BF4B-00C04F79EFBC}") = "Tarea5_Progra", "Tarea5_Progra\Tarea5_Progra.csproj", "{AF53A257-2FBA-45BC-BDDA-E28920F43970}"
EndProject
Global
	GlobalSection(SolutionConfigurationPlatforms) = preSolution
		Debug|Any CPU = Debug|Any CPU
		Release|Any CPU = Release|Any CPU
	EndGlobalSection
	GlobalSection(ProjectConfigurationPlatforms) = postSolution
		{AF53A257-2FBA-45BC-BDDA-E28920F43970}.Debug|Any CPU.ActiveCfg = Debug|Any CPU
		{AF53A257-2FBA-45BC-BDDA-E28920F43970}.Debug|Any CPU.Build.0 = Debug|Any CPU
		{AF53A257-2FBA-45BC-BDDA-E28920F43970}.Release|Any CPU.ActiveCfg = Release|Any CPU
		{AF53A257-2FBA-45BC-BDDA-E28920F43970}.Release|Any CPU.Build.0 = Release|Any CPU
	EndGlobalSection
	GlobalSection(SolutionProperties) = preSolution
		HideSolutionNode = FALSE
	EndGlobalSection
	GlobalSection(ExtensibilityGlobals) = postSolution
		SolutionGuid = {538024DA-AFFA-41C5-8EB8-0D7F4F97C7FC}
	EndGlobalSection
EndGlobal
